
Microsoft Visual Studio Solution File, Format Version 12.00
# Visual Studio Version 16
VisualStudioVersion = 16.0.31321.278
MinimumVisualStudioVersion = 10.0.40219.1
Project("{FAE04EC0-301F-11D3-BF4B-00C04F79EFBC}") = "MVCTestProject", "MVCTestProject\MVCTestProject.csproj", "{D1C25B73-641D-4BEF-808C-B8C306F0801A}"
EndProject
Global
	GlobalSection(SolutionConfigurationPlatforms) = preSolution
		Debug|Any CPU = Debug|Any CPU
		Release|Any CPU = Release|Any CPU
	EndGlobalSection
	GlobalSection(ProjectConfigurationPlatforms) = postSolution
		{D1C25B73-641D-4BEF-808C-B8C306F0801A}.Debug|Any CPU.ActiveCfg = Debug|Any CPU
		{D1C25B73-641D-4BEF-808C-B8C306F0801A}.Debug|Any CPU.Build.0 = Debug|Any CPU
		{D1C25B73-641D-4BEF-808C-B8C306F0801A}.Release|Any CPU.ActiveCfg = Release|Any CPU
		{D1C25B73-641D-4BEF-808C-B8C306F0801A}.Release|Any CPU.Build.0 = Release|Any CPU
	EndGlobalSection
	GlobalSection(SolutionProperties) = preSolution
		HideSolutionNode = FALSE
	EndGlobalSection
	GlobalSection(ExtensibilityGlobals) = postSolution
		SolutionGuid = {A9311A54-4C9D-487B-B0EB-8BBB69AC93E3}
	EndGlobalSection
EndGlobal
